
Microsoft Visual Studio Solution File, Format Version 12.00
# Visual Studio 2013
VisualStudioVersion = 12.0.30110.0
MinimumVisualStudioVersion = 10.0.40219.1
Project("{FAE04EC0-301F-11D3-BF4B-00C04F79EFBC}") = "MagicShifter", "MagicShifter\MagicShifter.csproj", "{EB23D016-AE45-4868-B76E-CC67F34803F9}"
EndProject
Project("{FAE04EC0-301F-11D3-BF4B-00C04F79EFBC}") = "Test", "Test\Test.csproj", "{E16BA1B9-6FCC-451F-BFBB-E0B1C7E738E1}"
EndProject
Project("{FAE04EC0-301F-11D3-BF4B-00C04F79EFBC}") = "MagicPaint", "MagicPaint\MagicPaint.csproj", "{AF7984EC-BD18-43BB-BA83-00E9F3E05DD1}"
EndProject
Project("{FAE04EC0-301F-11D3-BF4B-00C04F79EFBC}") = "Uploader", "Uploader\Uploader.csproj", "{27391118-071E-45A0-8C85-248C8B61B412}"
EndProject
Global
	GlobalSection(SolutionConfigurationPlatforms) = preSolution
		Debug|Any CPU = Debug|Any CPU
		Release|Any CPU = Release|Any CPU
	EndGlobalSection
	GlobalSection(ProjectConfigurationPlatforms) = postSolution
		{EB23D016-AE45-4868-B76E-CC67F34803F9}.Debug|Any CPU.ActiveCfg = Debug|Any CPU
		{EB23D016-AE45-4868-B76E-CC67F34803F9}.Debug|Any CPU.Build.0 = Debug|Any CPU
		{EB23D016-AE45-4868-B76E-CC67F34803F9}.Release|Any CPU.ActiveCfg = Release|Any CPU
		{EB23D016-AE45-4868-B76E-CC67F34803F9}.Release|Any CPU.Build.0 = Release|Any CPU
		{E16BA1B9-6FCC-451F-BFBB-E0B1C7E738E1}.Debug|Any CPU.ActiveCfg = Debug|Any CPU
		{E16BA1B9-6FCC-451F-BFBB-E0B1C7E738E1}.Debug|Any CPU.Build.0 = Debug|Any CPU
		{E16BA1B9-6FCC-451F-BFBB-E0B1C7E738E1}.Release|Any CPU.ActiveCfg = Release|Any CPU
		{E16BA1B9-6FCC-451F-BFBB-E0B1C7E738E1}.Release|Any CPU.Build.0 = Release|Any CPU
		{AF7984EC-BD18-43BB-BA83-00E9F3E05DD1}.Debug|Any CPU.ActiveCfg = Debug|Any CPU
		{AF7984EC-BD18-43BB-BA83-00E9F3E05DD1}.Debug|Any CPU.Build.0 = Debug|Any CPU
		{AF7984EC-BD18-43BB-BA83-00E9F3E05DD1}.Release|Any CPU.ActiveCfg = Release|Any CPU
		{AF7984EC-BD18-43BB-BA83-00E9F3E05DD1}.Release|Any CPU.Build.0 = Release|Any CPU
		{27391118-071E-45A0-8C85-248C8B61B412}.Debug|Any CPU.ActiveCfg = Debug|Any CPU
		{27391118-071E-45A0-8C85-248C8B61B412}.Debug|Any CPU.Build.0 = Debug|Any CPU
		{27391118-071E-45A0-8C85-248C8B61B412}.Release|Any CPU.ActiveCfg = Release|Any CPU
		{27391118-071E-45A0-8C85-248C8B61B412}.Release|Any CPU.Build.0 = Release|Any CPU
	EndGlobalSection
	GlobalSection(SolutionProperties) = preSolution
		HideSolutionNode = FALSE
	EndGlobalSection
EndGlobal
